
Microsoft Visual Studio Solution File, Format Version 12.00
Project("{FAE04EC0-301F-11D3-BF4B-00C04F79EFBC}") = "conferencePlannerApi", "conferencePlannerApi\conferencePlannerApi.csproj", "{FF74F9BE-99A4-46B7-A43F-4AAD36C79D7B}"
EndProject
Project("{FAE04EC0-301F-11D3-BF4B-00C04F79EFBC}") = "conferencePlannerApp", "conferencePlannerApp\conferencePlannerApp.csproj", "{FD83F71B-D4C6-4D06-8006-FEE1FC2FD1D4}"
EndProject
Project("{FAE04EC0-301F-11D3-BF4B-00C04F79EFBC}") = "conferencePlannerCore", "conferencePlannerCore\conferencePlannerCore.csproj", "{09FAD14B-DFB7-4611-8283-79F893CE33E1}"
EndProject
Global
	GlobalSection(SolutionConfigurationPlatforms) = preSolution
		Debug|Any CPU = Debug|Any CPU
		Release|Any CPU = Release|Any CPU
	EndGlobalSection
	GlobalSection(ProjectConfigurationPlatforms) = postSolution
		{FF74F9BE-99A4-46B7-A43F-4AAD36C79D7B}.Debug|Any CPU.ActiveCfg = Debug|Any CPU
		{FF74F9BE-99A4-46B7-A43F-4AAD36C79D7B}.Debug|Any CPU.Build.0 = Debug|Any CPU
		{FF74F9BE-99A4-46B7-A43F-4AAD36C79D7B}.Release|Any CPU.ActiveCfg = Release|Any CPU
		{FF74F9BE-99A4-46B7-A43F-4AAD36C79D7B}.Release|Any CPU.Build.0 = Release|Any CPU
		{FD83F71B-D4C6-4D06-8006-FEE1FC2FD1D4}.Debug|Any CPU.ActiveCfg = Debug|Any CPU
		{FD83F71B-D4C6-4D06-8006-FEE1FC2FD1D4}.Debug|Any CPU.Build.0 = Debug|Any CPU
		{FD83F71B-D4C6-4D06-8006-FEE1FC2FD1D4}.Release|Any CPU.ActiveCfg = Release|Any CPU
		{FD83F71B-D4C6-4D06-8006-FEE1FC2FD1D4}.Release|Any CPU.Build.0 = Release|Any CPU
		{09FAD14B-DFB7-4611-8283-79F893CE33E1}.Debug|Any CPU.ActiveCfg = Debug|Any CPU
		{09FAD14B-DFB7-4611-8283-79F893CE33E1}.Debug|Any CPU.Build.0 = Debug|Any CPU
		{09FAD14B-DFB7-4611-8283-79F893CE33E1}.Release|Any CPU.ActiveCfg = Release|Any CPU
		{09FAD14B-DFB7-4611-8283-79F893CE33E1}.Release|Any CPU.Build.0 = Release|Any CPU
	EndGlobalSection
EndGlobal
